
Microsoft Visual Studio Solution File, Format Version 11.00
# Visual Studio 2010
Project("{FAE04EC0-301F-11D3-BF4B-00C04F79EFBC}") = "GetSetClientText", "GetSetClientText\GetSetClientText.csproj", "{38D47950-141B-4956-8236-28410EE56A33}"
EndProject
Global
	GlobalSection(SolutionConfigurationPlatforms) = preSolution
		Debug|Any CPU = Debug|Any CPU
		Release|Any CPU = Release|Any CPU
	EndGlobalSection
	GlobalSection(ProjectConfigurationPlatforms) = postSolution
		{38D47950-141B-4956-8236-28410EE56A33}.Debug|Any CPU.ActiveCfg = Debug|Any CPU
		{38D47950-141B-4956-8236-28410EE56A33}.Debug|Any CPU.Build.0 = Debug|Any CPU
		{38D47950-141B-4956-8236-28410EE56A33}.Release|Any CPU.ActiveCfg = Release|Any CPU
		{38D47950-141B-4956-8236-28410EE56A33}.Release|Any CPU.Build.0 = Release|Any CPU
	EndGlobalSection
	GlobalSection(SolutionProperties) = preSolution
		HideSolutionNode = FALSE
	EndGlobalSection
EndGlobal
